<?xml version="1.0" encoding="utf-8"?>
<Project ToolsVersion="4.0" xmlns="http://schemas.microsoft.com/developer/msbuild/2003">
  <ItemGroup>
    <Filter Include="Исходные файлы">
      <UniqueIdentifier>{4FC737F1-C7A5-4376-A066-2A32D752A2FF}</UniqueIdentifier>
      <Extensions>cpp;c;cc;cxx;c++;cppm;ixx;def;odl;idl;hpj;bat;asm;asmx</Extensions>
    </Filter>
    <Filter Include="win">
      <UniqueIdentifier>{71314f6d-9e4c-4c16-abba-8e137a58e03e}</UniqueIdentifier>
    </Filter>
    <Filter Include="win\win-base">
      <UniqueIdentifier>{00c7c231-29ff-4492-a50a-6f63652e1f54}</UniqueIdentifier>
    </Filter>
    <Filter Include="win\win-base\Object">
      <UniqueIdentifier>{65582af8-f51b-48c0-8c92-a413cf1c4b5f}</UniqueIdentifier>
    </Filter>
    <Filter Include="win\win-base\String">
      <UniqueIdentifier>{f4158a96-40aa-4227-bdf7-8c5e22d56764}</UniqueIdentifier>
    </Filter>
    <Filter Include="win\win-base\Hresult">
      <UniqueIdentifier>{d7326c26-511f-4251-906f-f15ca3364e8d}</UniqueIdentifier>
    </Filter>
    <Filter Include="win\win-base\Handle">
      <UniqueIdentifier>{76936a2c-e86d-48c3-987e-055cf075336c}</UniqueIdentifier>
    </Filter>
    <Filter Include="win\win-async">
      <UniqueIdentifier>{2902f3d7-85db-4d5d-8dd6-2a13d678f004}</UniqueIdentifier>
    </Filter>
    <Filter Include="win\win-data">
      <UniqueIdentifier>{916833d1-6005-43a9-95f9-48f9e055ea6b}</UniqueIdentifier>
    </Filter>
    <Filter Include="win\win-dbg">
      <UniqueIdentifier>{a91fb88f-b729-4b66-9036-79f8970ff5ef}</UniqueIdentifier>
    </Filter>
    <Filter Include="win\win-dbg\Console">
      <UniqueIdentifier>{adf4aaea-d4d2-4009-8816-d0f7bad96158}</UniqueIdentifier>
    </Filter>
    <Filter Include="win\win-graphics">
      <UniqueIdentifier>{98ef462e-5cc1-461e-a3d8-3096dba54c86}</UniqueIdentifier>
    </Filter>
    <Filter Include="win\win-graphics\GDI">
      <UniqueIdentifier>{cd9e77b8-6977-4d2a-a65c-4dea1c092041}</UniqueIdentifier>
    </Filter>
    <Filter Include="win\win-graphics\GDI+">
      <UniqueIdentifier>{112287a1-93dc-42f5-8286-2fad901b3e32}</UniqueIdentifier>
    </Filter>
    <Filter Include="win\win-graphics\D2D">
      <UniqueIdentifier>{6730de62-3b32-4a72-97b0-7e972600a5fc}</UniqueIdentifier>
    </Filter>
    <Filter Include="win\win-graphics\Graphics">
      <UniqueIdentifier>{3b9d2909-605b-4315-9ae8-d8f7f8722072}</UniqueIdentifier>
    </Filter>
    <Filter Include="win\win-io">
      <UniqueIdentifier>{4e8f4546-6187-4cdf-91fe-3b281b851cb7}</UniqueIdentifier>
    </Filter>
    <Filter Include="win\win-io\File">
      <UniqueIdentifier>{9f254ef3-3c6b-4fef-9e5f-18e7e42b848b}</UniqueIdentifier>
    </Filter>
    <Filter Include="win\win-io\Stream">
      <UniqueIdentifier>{6ed59762-91da-4c58-adad-91fe38632fa6}</UniqueIdentifier>
    </Filter>
    <Filter Include="win\win-io\StreamWriter">
      <UniqueIdentifier>{b99c2268-6e83-43e3-9f1a-a54feaac72b6}</UniqueIdentifier>
    </Filter>
    <Filter Include="win\win-io\StreamReader">
      <UniqueIdentifier>{f80856c8-3fbd-45ac-aff6-0dafcfd77748}</UniqueIdentifier>
    </Filter>
    <Filter Include="win\win-io\Path">
      <UniqueIdentifier>{35a779fb-2030-48b5-a8b9-605c9f7ad808}</UniqueIdentifier>
    </Filter>
    <Filter Include="win\win-io\Directory">
      <UniqueIdentifier>{016f0109-266b-4c60-a8fe-981097fe516d}</UniqueIdentifier>
    </Filter>
    <Filter Include="win\win-io\Watcher">
      <UniqueIdentifier>{324b4476-fbc4-482e-9a56-b614158229a7}</UniqueIdentifier>
    </Filter>
    <Filter Include="win\win-media">
      <UniqueIdentifier>{fda45a85-6da8-4299-b23f-0a7d8cd9b541}</UniqueIdentifier>
    </Filter>
    <Filter Include="win\win-net">
      <UniqueIdentifier>{b239eefa-5d5a-4968-9fd2-b53013445451}</UniqueIdentifier>
    </Filter>
    <Filter Include="win\win-net\Socket">
      <UniqueIdentifier>{17a5a492-5443-44d0-bb9d-c19e096393aa}</UniqueIdentifier>
    </Filter>
    <Filter Include="win\win-net\WinSock">
      <UniqueIdentifier>{100928ba-f1db-443b-a68d-4b926d7c2d1b}</UniqueIdentifier>
    </Filter>
    <Filter Include="win\win-net\TcpSocket">
      <UniqueIdentifier>{4ebead36-7918-459c-bc8d-7c3eadb8fb10}</UniqueIdentifier>
    </Filter>
    <Filter Include="win\win-net\UdpSocket">
      <UniqueIdentifier>{1dbe99ad-cf55-46c5-900c-a99bce4a409d}</UniqueIdentifier>
    </Filter>
    <Filter Include="win\win-net\TcpClient">
      <UniqueIdentifier>{ef372786-97aa-43ba-a919-438f1bb8bf81}</UniqueIdentifier>
    </Filter>
    <Filter Include="win\win-net\UdpClient">
      <UniqueIdentifier>{cf403ae1-89ad-4cde-b7bd-e343cf7f39aa}</UniqueIdentifier>
    </Filter>
    <Filter Include="win\win-net\UdpListener">
      <UniqueIdentifier>{6ee53ee4-faed-4be2-8009-a6fe518446cd}</UniqueIdentifier>
    </Filter>
    <Filter Include="win\win-net\TcpListener">
      <UniqueIdentifier>{892fe717-1324-4320-ba64-92de14273255}</UniqueIdentifier>
    </Filter>
    <Filter Include="win\win-system">
      <UniqueIdentifier>{d970a023-d43e-465a-b779-db784f02a031}</UniqueIdentifier>
    </Filter>
    <Filter Include="win\win-threading">
      <UniqueIdentifier>{14530a0e-d60e-433c-b80b-f57439ebf023}</UniqueIdentifier>
    </Filter>
    <Filter Include="win\win-ui">
      <UniqueIdentifier>{4337fdae-bbfa-4edf-910a-3892b7052ac6}</UniqueIdentifier>
    </Filter>
    <Filter Include="win\win-ui\Controls">
      <UniqueIdentifier>{5835422e-2fa9-4520-82ac-f5d78c2f696f}</UniqueIdentifier>
    </Filter>
    <Filter Include="win\win-web">
      <UniqueIdentifier>{707d7f0e-abab-45a6-8f82-aa1e7626dd8b}</UniqueIdentifier>
    </Filter>
    <Filter Include="win\Main">
      <UniqueIdentifier>{5bf036be-26f9-4462-9e98-836a75ffa4a4}</UniqueIdentifier>
    </Filter>
    <Filter Include="win\win-io\IDisposibale">
      <UniqueIdentifier>{e4510c8c-4e9b-4cf2-8279-0506046baa8d}</UniqueIdentifier>
    </Filter>
    <Filter Include="win\win-base\Random">
      <UniqueIdentifier>{f4be63d7-1a62-4f44-a3f3-fe3ce3df9706}</UniqueIdentifier>
    </Filter>
    <Filter Include="win\win-base\Buffer">
      <UniqueIdentifier>{158719b2-7ebb-4466-899d-6c0e39e04453}</UniqueIdentifier>
    </Filter>
    <Filter Include="win\win-base\Hashers">
      <UniqueIdentifier>{43a09537-6cae-4b08-8f97-eacbe911e4bf}</UniqueIdentifier>
    </Filter>
    <Filter Include="win\win-system\Time">
      <UniqueIdentifier>{7c0ec7c5-926a-45c5-a82f-5ccf54f7dde9}</UniqueIdentifier>
    </Filter>
    <Filter Include="win\win-base\TypeDefs">
      <UniqueIdentifier>{176fe17b-0232-4a1b-ab45-08491cfdb982}</UniqueIdentifier>
    </Filter>
    <Filter Include="win\win-threading\Synchronization">
      <UniqueIdentifier>{f698b351-a9a8-4eb1-a24b-624f94fff646}</UniqueIdentifier>
    </Filter>
    <Filter Include="win\pch">
      <UniqueIdentifier>{d7e70b44-a2dd-4cfc-a579-a1ed7c2ec86d}</UniqueIdentifier>
    </Filter>
    <Filter Include="win\win-io\MemoryMappedFile">
      <UniqueIdentifier>{8acf50cb-0292-4da0-91fa-33bbc1f61fa9}</UniqueIdentifier>
    </Filter>
    <Filter Include="win\win-threading\Threading">
      <UniqueIdentifier>{302f3bb7-2b01-4e03-a88c-6f23fc87bbb2}</UniqueIdentifier>
    </Filter>
  </ItemGroup>
  <ItemGroup>
    <ClCompile Include="Source.cpp">
      <Filter>Исходные файлы</Filter>
    </ClCompile>
    <ClCompile Include="Object.ixx">
      <Filter>win\win-base\Object</Filter>
    </ClCompile>
    <ClCompile Include="File.ixx">
      <Filter>win\win-io\File</Filter>
    </ClCompile>
    <ClCompile Include="Handle.ixx">
      <Filter>win\win-base\Handle</Filter>
    </ClCompile>
    <ClCompile Include="Hresult.ixx">
      <Filter>win\win-base\Hresult</Filter>
    </ClCompile>
    <ClCompile Include="String.ixx">
      <Filter>win\win-base\String</Filter>
    </ClCompile>
    <ClCompile Include="Handle.cpp">
      <Filter>win\win-base\Handle</Filter>
    </ClCompile>
    <ClCompile Include="Hresult.cpp">
      <Filter>win\win-base\Hresult</Filter>
    </ClCompile>
    <ClCompile Include="String.cpp">
      <Filter>win\win-base\String</Filter>
    </ClCompile>
    <ClCompile Include="Console.ixx">
      <Filter>win\win-dbg\Console</Filter>
    </ClCompile>
    <ClCompile Include="Console.cpp">
      <Filter>win\win-dbg\Console</Filter>
    </ClCompile>
    <ClCompile Include="File.cpp">
      <Filter>win\win-io\File</Filter>
    </ClCompile>
    <ClCompile Include="Path.ixx">
      <Filter>win\win-io\Path</Filter>
    </ClCompile>
    <ClCompile Include="Stream.ixx">
      <Filter>win\win-io\Stream</Filter>
    </ClCompile>
    <ClCompile Include="StreamReader.ixx">
      <Filter>win\win-io\StreamReader</Filter>
    </ClCompile>
    <ClCompile Include="IDisposable.ixx">
      <Filter>win\win-io\IDisposibale</Filter>
    </ClCompile>
    <ClCompile Include="StreamReader.cpp">
      <Filter>win\win-io\StreamReader</Filter>
    </ClCompile>
    <ClCompile Include="StreamWriter.ixx">
      <Filter>win\win-io\StreamWriter</Filter>
    </ClCompile>
    <ClCompile Include="StreamWriter.cpp">
      <Filter>win\win-io\StreamWriter</Filter>
    </ClCompile>
    <ClCompile Include="Random.ixx">
      <Filter>win\win-base\Random</Filter>
    </ClCompile>
    <ClCompile Include="Directory.cpp">
      <Filter>win\win-io\Directory</Filter>
    </ClCompile>
    <ClCompile Include="Directory.ixx">
      <Filter>win\win-io\Directory</Filter>
    </ClCompile>
    <ClCompile Include="Buffer.ixx">
      <Filter>win\win-base\Buffer</Filter>
    </ClCompile>
    <ClCompile Include="Buffer.cpp">
      <Filter>win\win-base\Buffer</Filter>
    </ClCompile>
    <ClCompile Include="Random.cpp">
      <Filter>win\win-base\Random</Filter>
    </ClCompile>
    <ClCompile Include="IHash.ixx">
      <Filter>win\win-base\Hashers</Filter>
    </ClCompile>
    <ClCompile Include="Hash.ixx">
      <Filter>win\win-base\Hashers</Filter>
    </ClCompile>
    <ClCompile Include="Time.ixx">
      <Filter>win\win-system\Time</Filter>
    </ClCompile>
    <ClCompile Include="TypeDef.ixx">
      <Filter>win\win-base\TypeDefs</Filter>
    </ClCompile>
    <ClCompile Include="win-system.ixx">
      <Filter>win\Main</Filter>
    </ClCompile>
    <ClCompile Include="win-io.ixx">
      <Filter>win\Main</Filter>
    </ClCompile>
    <ClCompile Include="win-debug.ixx">
      <Filter>win\Main</Filter>
    </ClCompile>
    <ClCompile Include="win.ixx">
      <Filter>win\Main</Filter>
    </ClCompile>
    <ClCompile Include="win-threading.ixx">
      <Filter>win\Main</Filter>
    </ClCompile>
    <ClCompile Include="Time.cpp">
      <Filter>win\win-system\Time</Filter>
    </ClCompile>
    <ClCompile Include="pch.cpp">
      <Filter>win\pch</Filter>
    </ClCompile>
    <ClCompile Include="MemoryMappedFile.ixx">
      <Filter>win\win-io\MemoryMappedFile</Filter>
    </ClCompile>
    <ClCompile Include="MemoryMappedFile.cpp">
      <Filter>win\win-io\MemoryMappedFile</Filter>
    </ClCompile>
    <ClCompile Include="Threading.ixx">
      <Filter>win\win-threading\Threading</Filter>
    </ClCompile>
    <ClCompile Include="win-except.ixx">
      <Filter>win\Main</Filter>
    </ClCompile>
    <ClCompile Include="Synchronization.ixx">
      <Filter>win\win-threading\Synchronization</Filter>
    </ClCompile>
  </ItemGroup>
  <ItemGroup>
    <ClInclude Include="pch.h">
      <Filter>win\pch</Filter>
    </ClInclude>
  </ItemGroup>
</Project>